
Microsoft Visual Studio Solution File, Format Version 12.00
# Visual Studio 2013
VisualStudioVersion = 12.0.31101.0
MinimumVisualStudioVersion = 10.0.40219.1
Project("{FAE04EC0-301F-11D3-BF4B-00C04F79EFBC}") = "homework3", "homework3\homework3.csproj", "{5B257E45-8FCA-4DE1-ACB5-A9B3603FADF9}"
EndProject
Project("{FAE04EC0-301F-11D3-BF4B-00C04F79EFBC}") = "task2", "task2\task2.csproj", "{D6442807-59F1-4516-872B-A041BBAF9892}"
EndProject
Project("{FAE04EC0-301F-11D3-BF4B-00C04F79EFBC}") = "TASK3", "TASK3\TASK3.csproj", "{281A4C07-83B1-473A-88AD-0B54A063FC86}"
EndProject
Project("{FAE04EC0-301F-11D3-BF4B-00C04F79EFBC}") = "task4", "task4\task4.csproj", "{1166D13F-1B03-4DF2-966E-A5E492ECC861}"
EndProject
Project("{FAE04EC0-301F-11D3-BF4B-00C04F79EFBC}") = "task5", "task5\task5.csproj", "{4D010DCD-1D22-46B9-A168-5F4C02F807C5}"
EndProject
Project("{FAE04EC0-301F-11D3-BF4B-00C04F79EFBC}") = "task6", "task6\task6.csproj", "{785DDED1-6C52-4C5D-B9B9-BECE8496593B}"
EndProject
Project("{FAE04EC0-301F-11D3-BF4B-00C04F79EFBC}") = "task7", "task7\task7.csproj", "{DDFE06E9-ECC0-461C-B6DB-4BDF53EBBDA3}"
EndProject
Project("{FAE04EC0-301F-11D3-BF4B-00C04F79EFBC}") = "task8", "task8\task8.csproj", "{90B7BD9F-10DB-4F02-A300-EE6A6F613D2A}"
EndProject
Global
	GlobalSection(SolutionConfigurationPlatforms) = preSolution
		Debug|Any CPU = Debug|Any CPU
		Release|Any CPU = Release|Any CPU
	EndGlobalSection
	GlobalSection(ProjectConfigurationPlatforms) = postSolution
		{5B257E45-8FCA-4DE1-ACB5-A9B3603FADF9}.Debug|Any CPU.ActiveCfg = Debug|Any CPU
		{5B257E45-8FCA-4DE1-ACB5-A9B3603FADF9}.Debug|Any CPU.Build.0 = Debug|Any CPU
		{5B257E45-8FCA-4DE1-ACB5-A9B3603FADF9}.Release|Any CPU.ActiveCfg = Release|Any CPU
		{5B257E45-8FCA-4DE1-ACB5-A9B3603FADF9}.Release|Any CPU.Build.0 = Release|Any CPU
		{D6442807-59F1-4516-872B-A041BBAF9892}.Debug|Any CPU.ActiveCfg = Debug|Any CPU
		{D6442807-59F1-4516-872B-A041BBAF9892}.Debug|Any CPU.Build.0 = Debug|Any CPU
		{D6442807-59F1-4516-872B-A041BBAF9892}.Release|Any CPU.ActiveCfg = Release|Any CPU
		{D6442807-59F1-4516-872B-A041BBAF9892}.Release|Any CPU.Build.0 = Release|Any CPU
		{281A4C07-83B1-473A-88AD-0B54A063FC86}.Debug|Any CPU.ActiveCfg = Debug|Any CPU
		{281A4C07-83B1-473A-88AD-0B54A063FC86}.Debug|Any CPU.Build.0 = Debug|Any CPU
		{281A4C07-83B1-473A-88AD-0B54A063FC86}.Release|Any CPU.ActiveCfg = Release|Any CPU
		{281A4C07-83B1-473A-88AD-0B54A063FC86}.Release|Any CPU.Build.0 = Release|Any CPU
		{1166D13F-1B03-4DF2-966E-A5E492ECC861}.Debug|Any CPU.ActiveCfg = Debug|Any CPU
		{1166D13F-1B03-4DF2-966E-A5E492ECC861}.Debug|Any CPU.Build.0 = Debug|Any CPU
		{1166D13F-1B03-4DF2-966E-A5E492ECC861}.Release|Any CPU.ActiveCfg = Release|Any CPU
		{1166D13F-1B03-4DF2-966E-A5E492ECC861}.Release|Any CPU.Build.0 = Release|Any CPU
		{4D010DCD-1D22-46B9-A168-5F4C02F807C5}.Debug|Any CPU.ActiveCfg = Debug|Any CPU
		{4D010DCD-1D22-46B9-A168-5F4C02F807C5}.Debug|Any CPU.Build.0 = Debug|Any CPU
		{4D010DCD-1D22-46B9-A168-5F4C02F807C5}.Release|Any CPU.ActiveCfg = Release|Any CPU
		{4D010DCD-1D22-46B9-A168-5F4C02F807C5}.Release|Any CPU.Build.0 = Release|Any CPU
		{785DDED1-6C52-4C5D-B9B9-BECE8496593B}.Debug|Any CPU.ActiveCfg = Debug|Any CPU
		{785DDED1-6C52-4C5D-B9B9-BECE8496593B}.Debug|Any CPU.Build.0 = Debug|Any CPU
		{785DDED1-6C52-4C5D-B9B9-BECE8496593B}.Release|Any CPU.ActiveCfg = Release|Any CPU
		{785DDED1-6C52-4C5D-B9B9-BECE8496593B}.Release|Any CPU.Build.0 = Release|Any CPU
		{DDFE06E9-ECC0-461C-B6DB-4BDF53EBBDA3}.Debug|Any CPU.ActiveCfg = Debug|Any CPU
		{DDFE06E9-ECC0-461C-B6DB-4BDF53EBBDA3}.Debug|Any CPU.Build.0 = Debug|Any CPU
		{DDFE06E9-ECC0-461C-B6DB-4BDF53EBBDA3}.Release|Any CPU.ActiveCfg = Release|Any CPU
		{DDFE06E9-ECC0-461C-B6DB-4BDF53EBBDA3}.Release|Any CPU.Build.0 = Release|Any CPU
		{90B7BD9F-10DB-4F02-A300-EE6A6F613D2A}.Debug|Any CPU.ActiveCfg = Debug|Any CPU
		{90B7BD9F-10DB-4F02-A300-EE6A6F613D2A}.Debug|Any CPU.Build.0 = Debug|Any CPU
		{90B7BD9F-10DB-4F02-A300-EE6A6F613D2A}.Release|Any CPU.ActiveCfg = Release|Any CPU
		{90B7BD9F-10DB-4F02-A300-EE6A6F613D2A}.Release|Any CPU.Build.0 = Release|Any CPU
	EndGlobalSection
	GlobalSection(SolutionProperties) = preSolution
		HideSolutionNode = FALSE
	EndGlobalSection
EndGlobal
