
Microsoft Visual Studio Solution File, Format Version 12.00
# Visual Studio 2013
VisualStudioVersion = 12.0.31101.0
MinimumVisualStudioVersion = 10.0.40219.1
Project("{FAE04EC0-301F-11D3-BF4B-00C04F79EFBC}") = "hwarrays2", "hwarrays2\hwarrays2.csproj", "{54A0A0B4-84BA-4FC0-948F-1AB4D80E20AE}"
EndProject
Project("{FAE04EC0-301F-11D3-BF4B-00C04F79EFBC}") = "task2", "task2\task2.csproj", "{2F1472A5-3041-4267-B807-16FF32C3B23A}"
EndProject
Project("{FAE04EC0-301F-11D3-BF4B-00C04F79EFBC}") = "task3", "task3\task3.csproj", "{56AF6E4B-1C9D-4E8E-8CC4-59E6CCDF797C}"
EndProject
Project("{FAE04EC0-301F-11D3-BF4B-00C04F79EFBC}") = "task4", "task4\task4.csproj", "{0F94A432-7E0A-4DAD-B940-BFB6E0CF871D}"
EndProject
Project("{FAE04EC0-301F-11D3-BF4B-00C04F79EFBC}") = "task4.1", "task4.1\task4.1.csproj", "{F9FCE5D3-62EB-4751-9B6B-89FCCB2A73B0}"
EndProject
Global
	GlobalSection(SolutionConfigurationPlatforms) = preSolution
		Debug|Any CPU = Debug|Any CPU
		Release|Any CPU = Release|Any CPU
	EndGlobalSection
	GlobalSection(ProjectConfigurationPlatforms) = postSolution
		{54A0A0B4-84BA-4FC0-948F-1AB4D80E20AE}.Debug|Any CPU.ActiveCfg = Debug|Any CPU
		{54A0A0B4-84BA-4FC0-948F-1AB4D80E20AE}.Debug|Any CPU.Build.0 = Debug|Any CPU
		{54A0A0B4-84BA-4FC0-948F-1AB4D80E20AE}.Release|Any CPU.ActiveCfg = Release|Any CPU
		{54A0A0B4-84BA-4FC0-948F-1AB4D80E20AE}.Release|Any CPU.Build.0 = Release|Any CPU
		{2F1472A5-3041-4267-B807-16FF32C3B23A}.Debug|Any CPU.ActiveCfg = Debug|Any CPU
		{2F1472A5-3041-4267-B807-16FF32C3B23A}.Debug|Any CPU.Build.0 = Debug|Any CPU
		{2F1472A5-3041-4267-B807-16FF32C3B23A}.Release|Any CPU.ActiveCfg = Release|Any CPU
		{2F1472A5-3041-4267-B807-16FF32C3B23A}.Release|Any CPU.Build.0 = Release|Any CPU
		{56AF6E4B-1C9D-4E8E-8CC4-59E6CCDF797C}.Debug|Any CPU.ActiveCfg = Debug|Any CPU
		{56AF6E4B-1C9D-4E8E-8CC4-59E6CCDF797C}.Debug|Any CPU.Build.0 = Debug|Any CPU
		{56AF6E4B-1C9D-4E8E-8CC4-59E6CCDF797C}.Release|Any CPU.ActiveCfg = Release|Any CPU
		{56AF6E4B-1C9D-4E8E-8CC4-59E6CCDF797C}.Release|Any CPU.Build.0 = Release|Any CPU
		{0F94A432-7E0A-4DAD-B940-BFB6E0CF871D}.Debug|Any CPU.ActiveCfg = Debug|Any CPU
		{0F94A432-7E0A-4DAD-B940-BFB6E0CF871D}.Debug|Any CPU.Build.0 = Debug|Any CPU
		{0F94A432-7E0A-4DAD-B940-BFB6E0CF871D}.Release|Any CPU.ActiveCfg = Release|Any CPU
		{0F94A432-7E0A-4DAD-B940-BFB6E0CF871D}.Release|Any CPU.Build.0 = Release|Any CPU
		{F9FCE5D3-62EB-4751-9B6B-89FCCB2A73B0}.Debug|Any CPU.ActiveCfg = Debug|Any CPU
		{F9FCE5D3-62EB-4751-9B6B-89FCCB2A73B0}.Debug|Any CPU.Build.0 = Debug|Any CPU
		{F9FCE5D3-62EB-4751-9B6B-89FCCB2A73B0}.Release|Any CPU.ActiveCfg = Release|Any CPU
		{F9FCE5D3-62EB-4751-9B6B-89FCCB2A73B0}.Release|Any CPU.Build.0 = Release|Any CPU
	EndGlobalSection
	GlobalSection(SolutionProperties) = preSolution
		HideSolutionNode = FALSE
	EndGlobalSection
EndGlobal
